// !$*UTF8*$!
{
	archiveVersion = 1;
	classes = {
	};
	objectVersion = 56;
	objects = {

/* Begin PBXBuildFile section */
		ABF4E75F2A5ECAFB005D9631 /* TestApp.swift in Sources */ = {isa = PBXBuildFile; fileRef = ABF4E75E2A5ECAFB005D9631 /* TestApp.swift */; };
		ABF4E7612A5ECAFB005D9631 /* ContentView.swift in Sources */ = {isa = PBXBuildFile; fileRef = ABF4E7602A5ECAFB005D9631 /* ContentView.swift */; };
		ABF4E7632A5ECAFC005D9631 /* Assets.xcassets in Resources */ = {isa = PBXBuildFile; fileRef = ABF4E7622A5ECAFC005D9631 /* Assets.xcassets */; };
		ABF4E7662A5ECAFC005D9631 /* Preview Assets.xcassets in Resources */ = {isa = PBXBuildFile; fileRef = ABF4E7652A5ECAFC005D9631 /* Preview Assets.xcassets */; };
		ABF4E7702A5ECAFC005D9631 /* TestTests.swift in Sources */ = {isa = PBXBuildFile; fileRef = ABF4E76F2A5ECAFC005D9631 /* TestTests.swift */; };
		ABF4E77A2A5ECAFC005D9631 /* TestUITests.swift in Sources */ = {isa = PBXBuildFile; fileRef = ABF4E7792A5ECAFC005D9631 /* TestUITests.swift */; };
		ABF4E77C2A5ECAFC005D9631 /* TestUITestsLaunchTests.swift in Sources */ = {isa = PBXBuildFile; fileRef = ABF4E77B2A5ECAFC005D9631 /* TestUITestsLaunchTests.swift */; };
/* End PBXBuildFile section */

/* Begin PBXContainerItemProxy section */
		ABF4E76C2A5ECAFC005D9631 /* PBXContainerItemProxy */ = {
			isa = PBXContainerItemProxy;
			containerPortal = ABF4E7532A5ECAFB005D9631 /* Project object */;
			proxyType = 1;
			remoteGlobalIDString = ABF4E75A2A5ECAFB005D9631;
			remoteInfo = Test;
		};
		ABF4E7762A5ECAFC005D9631 /* PBXContainerItemProxy */ = {
			isa = PBXContainerItemProxy;
			containerPortal = ABF4E7532A5ECAFB005D9631 /* Project object */;
			proxyType = 1;
			remoteGlobalIDString = ABF4E75A2A5ECAFB005D9631;
			remoteInfo = Test;
		};
/* End PBXContainerItemProxy section */

/* Begin PBXFileReference section */
		ABF4E75B2A5ECAFB005D9631 /* Test.app */ = {isa = PBXFileReference; explicitFileType = wrapper.application; includeInIndex = 0; path = Test.app; sourceTree = BUILT_PRODUCTS_DIR; };
		ABF4E75E2A5ECAFB005D9631 /* TestApp.swift */ = {isa = PBXFileReference; lastKnownFileType = sourcecode.swift; path = TestApp.swift; sourceTree = "<group>"; };
		ABF4E7602A5ECAFB005D9631 /* ContentView.swift */ = {isa = PBXFileReference; lastKnownFileType = sourcecode.swift; path = ContentView.swift; sourceTree = "<group>"; };
		ABF4E7622A5ECAFC005D9631 /* Assets.xcassets */ = {isa = PBXFileReference; lastKnownFileType = folder.assetcatalog; path = Assets.xcassets; sourceTree = "<group>"; };
		ABF4E7652A5ECAFC005D9631 /* Preview Assets.xcassets */ = {isa = PBXFileReference; lastKnownFileType = folder.assetcatalog; path = "Preview Assets.xcassets"; sourceTree = "<group>"; };
		ABF4E76B2A5ECAFC005D9631 /* TestTests.xctest */ = {isa = PBXFileReference; explicitFileType = wrapper.cfbundle; includeInIndex = 0; path = TestTests.xctest; sourceTree = BUILT_PRODUCTS_DIR; };
		ABF4E76F2A5ECAFC005D9631 /* TestTests.swift */ = {isa = PBXFileReference; lastKnownFileType = sourcecode.swift; path = TestTests.swift; sourceTree = "<group>"; };
		ABF4E7752A5ECAFC005D9631 /* TestUITests.xctest */ = {isa = PBXFileReference; explicitFileType = wrapper.cfbundle; includeInIndex = 0; path = TestUITests.xctest; sourceTree = BUILT_PRODUCTS_DIR; };
		ABF4E7792A5ECAFC005D9631 /* TestUITests.swift */ = {isa = PBXFileReference; lastKnownFileType = sourcecode.swift; path = TestUITests.swift; sourceTree = "<group>"; };
		ABF4E77B2A5ECAFC005D9631 /* TestUITestsLaunchTests.swift */ = {isa = PBXFileReference; lastKnownFileType = sourcecode.swift; path = TestUITestsLaunchTests.swift; sourceTree = "<group>"; };
/* End PBXFileReference section */

/* Begin PBXFrameworksBuildPhase section */
		ABF4E7582A5ECAFB005D9631 /* Frameworks */ = {
			isa = PBXFrameworksBuildPhase;
			buildActionMask = 2147483647;
			files = (
			);
			runOnlyForDeploymentPostprocessing = 0;
		};
		ABF4E7682A5ECAFC005D9631 /* Frameworks */ = {
			isa = PBXFrameworksBuildPhase;
			buildActionMask = 2147483647;
			files = (
			);
			runOnlyForDeploymentPostprocessing = 0;
		};
		ABF4E7722A5ECAFC005D9631 /* Frameworks */ = {
			isa = PBXFrameworksBuildPhase;
			buildActionMask = 2147483647;
			files = (
			);
			runOnlyForDeploymentPostprocessing = 0;
		};
/* End PBXFrameworksBuildPhase section */

/* Begin PBXGroup section */
		ABF4E7522A5ECAFB005D9631 = {
			isa = PBXGroup;
			children = (
				ABF4E75D2A5ECAFB005D9631 /* Test */,
				ABF4E76E2A5ECAFC005D9631 /* TestTests */,
				ABF4E7782A5ECAFC005D9631 /* TestUITests */,
				ABF4E75C2A5ECAFB005D9631 /* Products */,
			);
			sourceTree = "<group>";
		};
		ABF4E75C2A5ECAFB005D9631 /* Products */ = {
			isa = PBXGroup;
			children = (
				ABF4E75B2A5ECAFB005D9631 /* Test.app */,
				ABF4E76B2A5ECAFC005D9631 /* TestTests.xctest */,
				ABF4E7752A5ECAFC005D9631 /* TestUITests.xctest */,
			);
			name = Products;
			sourceTree = "<group>";
		};
		ABF4E75D2A5ECAFB005D9631 /* Test */ = {
			isa = PBXGroup;
			children = (
				ABF4E7882A5ECB6C005D9631 /* Folder1 */,
				ABF4E7892A5ECB76005D9631 /* Folder2 */,
				ABF4E78A2A5ECB7D005D9631 /* Folder3 */,
				ABF4E75E2A5ECAFB005D9631 /* TestApp.swift */,
				ABF4E7622A5ECAFC005D9631 /* Assets.xcassets */,
				ABF4E7642A5ECAFC005D9631 /* Preview Content */,
			);
			path = Test;
			sourceTree = "<group>";
		};
		ABF4E7642A5ECAFC005D9631 /* Preview Content */ = {
			isa = PBXGroup;
			children = (
				ABF4E7652A5ECAFC005D9631 /* Preview Assets.xcassets */,
			);
			path = "Preview Content";
			sourceTree = "<group>";
		};
		ABF4E76E2A5ECAFC005D9631 /* TestTests */ = {
			isa = PBXGroup;
			children = (
				ABF4E76F2A5ECAFC005D9631 /* TestTests.swift */,
			);
			path = TestTests;
			sourceTree = "<group>";
		};
		ABF4E7782A5ECAFC005D9631 /* TestUITests */ = {
			isa = PBXGroup;
			children = (
				ABF4E7792A5ECAFC005D9631 /* TestUITests.swift */,
				ABF4E77B2A5ECAFC005D9631 /* TestUITestsLaunchTests.swift */,
			);
			path = TestUITests;
			sourceTree = "<group>";
		};
		ABF4E7882A5ECB6C005D9631 /* Folder1 */ = {
			isa = PBXGroup;
			children = (
				ABF4E7602A5ECAFB005D9631 /* ContentView.swift */,
			);
			path = Folder1;
			sourceTree = "<group>";
		};
		ABF4E7892A5ECB76005D9631 /* Folder2 */ = {
			isa = PBXGroup;
			children = (
			);
			path = Folder2;
			sourceTree = "<group>";
		};
		ABF4E78A2A5ECB7D005D9631 /* Folder3 */ = {
			isa = PBXGroup;
			children = (
			);
			path = Folder3;
			sourceTree = "<group>";
		};
/* End PBXGroup section */

/* Begin PBXNativeTarget section */
		ABF4E75A2A5ECAFB005D9631 /* Test */ = {
			isa = PBXNativeTarget;
			buildConfigurationList = ABF4E77F2A5ECAFC005D9631 /* Build configuration list for PBXNativeTarget "Test" */;
			buildPhases = (
				ABF4E7572A5ECAFB005D9631 /* Sources */,
				ABF4E7582A5ECAFB005D9631 /* Frameworks */,
				ABF4E7592A5ECAFB005D9631 /* Resources */,
			);
			buildRules = (
			);
			dependencies = (
			);
			name = Test;
			productName = Test;
			productReference = ABF4E75B2A5ECAFB005D9631 /* Test.app */;
			productType = "com.apple.product-type.application";
		};
		ABF4E76A2A5ECAFC005D9631 /* TestTests */ = {
			isa = PBXNativeTarget;
			buildConfigurationList = ABF4E7822A5ECAFC005D9631 /* Build configuration list for PBXNativeTarget "TestTests" */;
			buildPhases = (
				ABF4E7672A5ECAFC005D9631 /* Sources */,
				ABF4E7682A5ECAFC005D9631 /* Frameworks */,
				ABF4E7692A5ECAFC005D9631 /* Resources */,
			);
			buildRules = (
			);
			dependencies = (
				ABF4E76D2A5ECAFC005D9631 /* PBXTargetDependency */,
			);
			name = TestTests;
			productName = TestTests;
			productReference = ABF4E76B2A5ECAFC005D9631 /* TestTests.xctest */;
			productType = "com.apple.product-type.bundle.unit-test";
		};
		ABF4E7742A5ECAFC005D9631 /* TestUITests */ = {
			isa = PBXNativeTarget;
			buildConfigurationList = ABF4E7852A5ECAFC005D9631 /* Build configuration list for PBXNativeTarget "TestUITests" */;
			buildPhases = (
				ABF4E7712A5ECAFC005D9631 /* Sources */,
				ABF4E7722A5ECAFC005D9631 /* Frameworks */,
				ABF4E7732A5ECAFC005D9631 /* Resources */,
			);
			buildRules = (
			);
			dependencies = (
				ABF4E7772A5ECAFC005D9631 /* PBXTargetDependency */,
			);
			name = TestUITests;
			productName = TestUITests;
			productReference = ABF4E7752A5ECAFC005D9631 /* TestUITests.xctest */;
			productType = "com.apple.product-type.bundle.ui-testing";
		};
/* End PBXNativeTarget section */

/* Begin PBXProject section */
		ABF4E7532A5ECAFB005D9631 /* Project object */ = {
			isa = PBXProject;
			attributes = {
				BuildIndependentTargetsInParallel = 1;
				LastSwiftUpdateCheck = 1430;
				LastUpgradeCheck = 1430;
				TargetAttributes = {
					ABF4E75A2A5ECAFB005D9631 = {
						CreatedOnToolsVersion = 14.3;
					};
					ABF4E76A2A5ECAFC005D9631 = {
						CreatedOnToolsVersion = 14.3;
						TestTargetID = ABF4E75A2A5ECAFB005D9631;
					};
					ABF4E7742A5ECAFC005D9631 = {
						CreatedOnToolsVersion = 14.3;
						TestTargetID = ABF4E75A2A5ECAFB005D9631;
					};
				};
			};
			buildConfigurationList = ABF4E7562A5ECAFB005D9631 /* Build configuration list for PBXProject "Test" */;
			compatibilityVersion = "Xcode 14.0";
			developmentRegion = en;
			hasScannedForEncodings = 0;
			knownRegions = (
				en,
				Base,
			);
			mainGroup = ABF4E7522A5ECAFB005D9631;
			productRefGroup = ABF4E75C2A5ECAFB005D9631 /* Products */;
			projectDirPath = "";
			projectRoot = "";
			targets = (
				ABF4E75A2A5ECAFB005D9631 /* Test */,
				ABF4E76A2A5ECAFC005D9631 /* TestTests */,
				ABF4E7742A5ECAFC005D9631 /* TestUITests */,
			);
		};
/* End PBXProject section */

/* Begin PBXResourcesBuildPhase section */
		ABF4E7592A5ECAFB005D9631 /* Resources */ = {
			isa = PBXResourcesBuildPhase;
			buildActionMask = 2147483647;
			files = (
				ABF4E7662A5ECAFC005D9631 /* Preview Assets.xcassets in Resources */,
				ABF4E7632A5ECAFC005D9631 /* Assets.xcassets in Resources */,
			);
			runOnlyForDeploymentPostprocessing = 0;
		};
		ABF4E7692A5ECAFC005D9631 /* Resources */ = {
			isa = PBXResourcesBuildPhase;
			buildActionMask = 2147483647;
			files = (
			);
			runOnlyForDeploymentPostprocessing = 0;
		};
		ABF4E7732A5ECAFC005D9631 /* Resources */ = {
			isa = PBXResourcesBuildPhase;
			buildActionMask = 2147483647;
			files = (
			);
			runOnlyForDeploymentPostprocessing = 0;
		};
/* End PBXResourcesBuildPhase section */

/* Begin PBXSourcesBuildPhase section */
		ABF4E7572A5ECAFB005D9631 /* Sources */ = {
			isa = PBXSourcesBuildPhase;
			buildActionMask = 2147483647;
			files = (
				ABF4E7612A5ECAFB005D9631 /* ContentView.swift in Sources */,
				ABF4E75F2A5ECAFB005D9631 /* TestApp.swift in Sources */,
			);
			runOnlyForDeploymentPostprocessing = 0;
		};
		ABF4E7672A5ECAFC005D9631 /* Sources */ = {
			isa = PBXSourcesBuildPhase;
			buildActionMask = 2147483647;
			files = (
				ABF4E7702A5ECAFC005D9631 /* TestTests.swift in Sources */,
			);
			runOnlyForDeploymentPostprocessing = 0;
		};
		ABF4E7712A5ECAFC005D9631 /* Sources */ = {
			isa = PBXSourcesBuildPhase;
			buildActionMask = 2147483647;
			files = (
				ABF4E77C2A5ECAFC005D9631 /* TestUITestsLaunchTests.swift in Sources */,
				ABF4E77A2A5ECAFC005D9631 /* TestUITests.swift in Sources */,
			);
			runOnlyForDeploymentPostprocessing = 0;
		};
/* End PBXSourcesBuildPhase section */

/* Begin PBXTargetDependency section */
		ABF4E76D2A5ECAFC005D9631 /* PBXTargetDependency */ = {
			isa = PBXTargetDependency;
			target = ABF4E75A2A5ECAFB005D9631 /* Test */;
			targetProxy = ABF4E76C2A5ECAFC005D9631 /* PBXContainerItemProxy */;
		};
		ABF4E7772A5ECAFC005D9631 /* PBXTargetDependency */ = {
			isa = PBXTargetDependency;
			target = ABF4E75A2A5ECAFB005D9631 /* Test */;
			targetProxy = ABF4E7762A5ECAFC005D9631 /* PBXContainerItemProxy */;
		};
/* End PBXTargetDependency section */

/* Begin XCBuildConfiguration section */
		ABF4E77D2A5ECAFC005D9631 /* Debug */ = {
			isa = XCBuildConfiguration;
			buildSettings = {
				ALWAYS_SEARCH_USER_PATHS = NO;
				CLANG_ANALYZER_NONNULL = YES;
				CLANG_ANALYZER_NUMBER_OBJECT_CONVERSION = YES_AGGRESSIVE;
				CLANG_CXX_LANGUAGE_STANDARD = "gnu++20";
				CLANG_ENABLE_MODULES = YES;
				CLANG_ENABLE_OBJC_ARC = YES;
				CLANG_ENABLE_OBJC_WEAK = YES;
				CLANG_WARN_BLOCK_CAPTURE_AUTORELEASING = YES;
				CLANG_WARN_BOOL_CONVERSION = YES;
				CLANG_WARN_COMMA = YES;
				CLANG_WARN_CONSTANT_CONVERSION = YES;
				CLANG_WARN_DEPRECATED_OBJC_IMPLEMENTATIONS = YES;
				CLANG_WARN_DIRECT_OBJC_ISA_USAGE = YES_ERROR;
				CLANG_WARN_DOCUMENTATION_COMMENTS = YES;
				CLANG_WARN_EMPTY_BODY = YES;
				CLANG_WARN_ENUM_CONVERSION = YES;
				CLANG_WARN_INFINITE_RECURSION = YES;
				CLANG_WARN_INT_CONVERSION = YES;
				CLANG_WARN_NON_LITERAL_NULL_CONVERSION = YES;
				CLANG_WARN_OBJC_IMPLICIT_RETAIN_SELF = YES;
				CLANG_WARN_OBJC_LITERAL_CONVERSION = YES;
				CLANG_WARN_OBJC_ROOT_CLASS = YES_ERROR;
				CLANG_WARN_QUOTED_INCLUDE_IN_FRAMEWORK_HEADER = YES;
				CLANG_WARN_RANGE_LOOP_ANALYSIS = YES;
				CLANG_WARN_STRICT_PROTOTYPES = YES;
				CLANG_WARN_SUSPICIOUS_MOVE = YES;
				CLANG_WARN_UNGUARDED_AVAILABILITY = YES_AGGRESSIVE;
				CLANG_WARN_UNREACHABLE_CODE = YES;
				CLANG_WARN__DUPLICATE_METHOD_MATCH = YES;
				COPY_PHASE_STRIP = NO;
				DEBUG_INFORMATION_FORMAT = dwarf;
				ENABLE_STRICT_OBJC_MSGSEND = YES;
				ENABLE_TESTABILITY = YES;
				GCC_C_LANGUAGE_STANDARD = gnu11;
				GCC_DYNAMIC_NO_PIC = NO;
				GCC_NO_COMMON_BLOCKS = YES;
				GCC_OPTIMIZATION_LEVEL = 0;
				GCC_PREPROCESSOR_DEFINITIONS = (
					"DEBUG=1",
					"$(inherited)",
				);
				GCC_WARN_64_TO_32_BIT_CONVERSION = YES;
				GCC_WARN_ABOUT_RETURN_TYPE = YES_ERROR;
				GCC_WARN_UNDECLARED_SELECTOR = YES;
				GCC_WARN_UNINITIALIZED_AUTOS = YES_AGGRESSIVE;
				GCC_WARN_UNUSED_FUNCTION = YES;
				GCC_WARN_UNUSED_VARIABLE = YES;
				IPHONEOS_DEPLOYMENT_TARGET = 16.4;
				MTL_ENABLE_DEBUG_INFO = INCLUDE_SOURCE;
				MTL_FAST_MATH = YES;
				ONLY_ACTIVE_ARCH = YES;
				SDKROOT = iphoneos;
				SWIFT_ACTIVE_COMPILATION_CONDITIONS = DEBUG;
				SWIFT_OPTIMIZATION_LEVEL = "-Onone";
			};
			name = Debug;
		};
		ABF4E77E2A5ECAFC005D9631 /* Release */ = {
			isa = XCBuildConfiguration;
			buildSettings = {
				ALWAYS_SEARCH_USER_PATHS = NO;
				CLANG_ANALYZER_NONNULL = YES;
				CLANG_ANALYZER_NUMBER_OBJECT_CONVERSION = YES_AGGRESSIVE;
				CLANG_CXX_LANGUAGE_STANDARD = "gnu++20";
				CLANG_ENABLE_MODULES = YES;
				CLANG_ENABLE_OBJC_ARC = YES;
				CLANG_ENABLE_OBJC_WEAK = YES;
				CLANG_WARN_BLOCK_CAPTURE_AUTORELEASING = YES;
				CLANG_WARN_BOOL_CONVERSION = YES;
				CLANG_WARN_COMMA = YES;
				CLANG_WARN_CONSTANT_CONVERSION = YES;
				CLANG_WARN_DEPRECATED_OBJC_IMPLEMENTATIONS = YES;
				CLANG_WARN_DIRECT_OBJC_ISA_USAGE = YES_ERROR;
				CLANG_WARN_DOCUMENTATION_COMMENTS = YES;
				CLANG_WARN_EMPTY_BODY = YES;
				CLANG_WARN_ENUM_CONVERSION = YES;
				CLANG_WARN_INFINITE_RECURSION = YES;
				CLANG_WARN_INT_CONVERSION = YES;
				CLANG_WARN_NON_LITERAL_NULL_CONVERSION = YES;
				CLANG_WARN_OBJC_IMPLICIT_RETAIN_SELF = YES;
				CLANG_WARN_OBJC_LITERAL_CONVERSION = YES;
				CLANG_WARN_OBJC_ROOT_CLASS = YES_ERROR;
				CLANG_WARN_QUOTED_INCLUDE_IN_FRAMEWORK_HEADER = YES;
				CLANG_WARN_RANGE_LOOP_ANALYSIS = YES;
				CLANG_WARN_STRICT_PROTOTYPES = YES;
				CLANG_WARN_SUSPICIOUS_MOVE = YES;
				CLANG_WARN_UNGUARDED_AVAILABILITY = YES_AGGRESSIVE;
				CLANG_WARN_UNREACHABLE_CODE = YES;
				CLANG_WARN__DUPLICATE_METHOD_MATCH = YES;
				COPY_PHASE_STRIP = NO;
				DEBUG_INFORMATION_FORMAT = "dwarf-with-dsym";
				ENABLE_NS_ASSERTIONS = NO;
				ENABLE_STRICT_OBJC_MSGSEND = YES;
				GCC_C_LANGUAGE_STANDARD = gnu11;
				GCC_NO_COMMON_BLOCKS = YES;
				GCC_WARN_64_TO_32_BIT_CONVERSION = YES;
				GCC_WARN_ABOUT_RETURN_TYPE = YES_ERROR;
				GCC_WARN_UNDECLARED_SELECTOR = YES;
				GCC_WARN_UNINITIALIZED_AUTOS = YES_AGGRESSIVE;
				GCC_WARN_UNUSED_FUNCTION = YES;
				GCC_WARN_UNUSED_VARIABLE = YES;
				IPHONEOS_DEPLOYMENT_TARGET = 16.4;
				MTL_ENABLE_DEBUG_INFO = NO;
				MTL_FAST_MATH = YES;
				SDKROOT = iphoneos;
				SWIFT_COMPILATION_MODE = wholemodule;
				SWIFT_OPTIMIZATION_LEVEL = "-O";
				VALIDATE_PRODUCT = YES;
			};
			name = Release;
		};
		ABF4E7802A5ECAFC005D9631 /* Debug */ = {
			isa = XCBuildConfiguration;
			buildSettings = {
				ASSETCATALOG_COMPILER_APPICON_NAME = AppIcon;
				ASSETCATALOG_COMPILER_GLOBAL_ACCENT_COLOR_NAME = AccentColor;
				CODE_SIGN_STYLE = Automatic;
				CURRENT_PROJECT_VERSION = 1;
				DEVELOPMENT_ASSET_PATHS = "\"Test/Preview Content\"";
				DEVELOPMENT_TEAM = N3H5YNSQ64;
				ENABLE_PREVIEWS = YES;
				GENERATE_INFOPLIST_FILE = YES;
				INFOPLIST_KEY_UIApplicationSceneManifest_Generation = YES;
				INFOPLIST_KEY_UIApplicationSupportsIndirectInputEvents = YES;
				INFOPLIST_KEY_UILaunchScreen_Generation = YES;
				INFOPLIST_KEY_UISupportedInterfaceOrientations_iPad = "UIInterfaceOrientationPortrait UIInterfaceOrientationPortraitUpsideDown UIInterfaceOrientationLandscapeLeft UIInterfaceOrientationLandscapeRight";
				INFOPLIST_KEY_UISupportedInterfaceOrientations_iPhone = "UIInterfaceOrientationPortrait UIInterfaceOrientationLandscapeLeft UIInterfaceOrientationLandscapeRight";
				LD_RUNPATH_SEARCH_PATHS = (
					"$(inherited)",
					"@executable_path/Frameworks",
				);
				MARKETING_VERSION = 1.0;
				PRODUCT_BUNDLE_IDENTIFIER = min.Test;
				PRODUCT_NAME = "$(TARGET_NAME)";
				SWIFT_EMIT_LOC_STRINGS = YES;
				SWIFT_VERSION = 5.0;
				TARGETED_DEVICE_FAMILY = "1,2";
			};
			name = Debug;
		};
		ABF4E7812A5ECAFC005D9631 /* Release */ = {
			isa = XCBuildConfiguration;
			buildSettings = {
				ASSETCATALOG_COMPILER_APPICON_NAME = AppIcon;
				ASSETCATALOG_COMPILER_GLOBAL_ACCENT_COLOR_NAME = AccentColor;
				CODE_SIGN_STYLE = Automatic;
				CURRENT_PROJECT_VERSION = 1;
				DEVELOPMENT_ASSET_PATHS = "\"Test/Preview Content\"";
				DEVELOPMENT_TEAM = N3H5YNSQ64;
				ENABLE_PREVIEWS = YES;
				GENERATE_INFOPLIST_FILE = YES;
				INFOPLIST_KEY_UIApplicationSceneManifest_Generation = YES;
				INFOPLIST_KEY_UIApplicationSupportsIndirectInputEvents = YES;
				INFOPLIST_KEY_UILaunchScreen_Generation = YES;
				INFOPLIST_KEY_UISupportedInterfaceOrientations_iPad = "UIInterfaceOrientationPortrait UIInterfaceOrientationPortraitUpsideDown UIInterfaceOrientationLandscapeLeft UIInterfaceOrientationLandscapeRight";
				INFOPLIST_KEY_UISupportedInterfaceOrientations_iPhone = "UIInterfaceOrientationPortrait UIInterfaceOrientationLandscapeLeft UIInterfaceOrientationLandscapeRight";
				LD_RUNPATH_SEARCH_PATHS = (
					"$(inherited)",
					"@executable_path/Frameworks",
				);
				MARKETING_VERSION = 1.0;
				PRODUCT_BUNDLE_IDENTIFIER = min.Test;
				PRODUCT_NAME = "$(TARGET_NAME)";
				SWIFT_EMIT_LOC_STRINGS = YES;
				SWIFT_VERSION = 5.0;
				TARGETED_DEVICE_FAMILY = "1,2";
			};
			name = Release;
		};
		ABF4E7832A5ECAFC005D9631 /* Debug */ = {
			isa = XCBuildConfiguration;
			buildSettings = {
				ALWAYS_EMBED_SWIFT_STANDARD_LIBRARIES = YES;
				BUNDLE_LOADER = "$(TEST_HOST)";
				CODE_SIGN_STYLE = Automatic;
				CURRENT_PROJECT_VERSION = 1;
				DEVELOPMENT_TEAM = N3H5YNSQ64;
				GENERATE_INFOPLIST_FILE = YES;
				IPHONEOS_DEPLOYMENT_TARGET = 16.4;
				MARKETING_VERSION = 1.0;
				PRODUCT_BUNDLE_IDENTIFIER = min.TestTests;
				PRODUCT_NAME = "$(TARGET_NAME)";
				SWIFT_EMIT_LOC_STRINGS = NO;
				SWIFT_VERSION = 5.0;
				TARGETED_DEVICE_FAMILY = "1,2";
				TEST_HOST = "$(BUILT_PRODUCTS_DIR)/Test.app/$(BUNDLE_EXECUTABLE_FOLDER_PATH)/Test";
			};
			name = Debug;
		};
		ABF4E7842A5ECAFC005D9631 /* Release */ = {
			isa = XCBuildConfiguration;
			buildSettings = {
				ALWAYS_EMBED_SWIFT_STANDARD_LIBRARIES = YES;
				BUNDLE_LOADER = "$(TEST_HOST)";
				CODE_SIGN_STYLE = Automatic;
				CURRENT_PROJECT_VERSION = 1;
				DEVELOPMENT_TEAM = N3H5YNSQ64;
				GENERATE_INFOPLIST_FILE = YES;
				IPHONEOS_DEPLOYMENT_TARGET = 16.4;
				MARKETING_VERSION = 1.0;
				PRODUCT_BUNDLE_IDENTIFIER = min.TestTests;
				PRODUCT_NAME = "$(TARGET_NAME)";
				SWIFT_EMIT_LOC_STRINGS = NO;
				SWIFT_VERSION = 5.0;
				TARGETED_DEVICE_FAMILY = "1,2";
				TEST_HOST = "$(BUILT_PRODUCTS_DIR)/Test.app/$(BUNDLE_EXECUTABLE_FOLDER_PATH)/Test";
			};
			name = Release;
		};
		ABF4E7862A5ECAFC005D9631 /* Debug */ = {
			isa = XCBuildConfiguration;
			buildSettings = {
				ALWAYS_EMBED_SWIFT_STANDARD_LIBRARIES = YES;
				CODE_SIGN_STYLE = Automatic;
				CURRENT_PROJECT_VERSION = 1;
				DEVELOPMENT_TEAM = N3H5YNSQ64;
				GENERATE_INFOPLIST_FILE = YES;
				MARKETING_VERSION = 1.0;
				PRODUCT_BUNDLE_IDENTIFIER = min.TestUITests;
				PRODUCT_NAME = "$(TARGET_NAME)";
				SWIFT_EMIT_LOC_STRINGS = NO;
				SWIFT_VERSION = 5.0;
				TARGETED_DEVICE_FAMILY = "1,2";
				TEST_TARGET_NAME = Test;
			};
			name = Debug;
		};
		ABF4E7872A5ECAFC005D9631 /* Release */ = {
			isa = XCBuildConfiguration;
			buildSettings = {
				ALWAYS_EMBED_SWIFT_STANDARD_LIBRARIES = YES;
				CODE_SIGN_STYLE = Automatic;
				CURRENT_PROJECT_VERSION = 1;
				DEVELOPMENT_TEAM = N3H5YNSQ64;
				GENERATE_INFOPLIST_FILE = YES;
				MARKETING_VERSION = 1.0;
				PRODUCT_BUNDLE_IDENTIFIER = min.TestUITests;
				PRODUCT_NAME = "$(TARGET_NAME)";
				SWIFT_EMIT_LOC_STRINGS = NO;
				SWIFT_VERSION = 5.0;
				TARGETED_DEVICE_FAMILY = "1,2";
				TEST_TARGET_NAME = Test;
			};
			name = Release;
		};
/* End XCBuildConfiguration section */

/* Begin XCConfigurationList section */
		ABF4E7562A5ECAFB005D9631 /* Build configuration list for PBXProject "Test" */ = {
			isa = XCConfigurationList;
			buildConfigurations = (
				ABF4E77D2A5ECAFC005D9631 /* Debug */,
				ABF4E77E2A5ECAFC005D9631 /* Release */,
			);
			defaultConfigurationIsVisible = 0;
			defaultConfigurationName = Release;
		};
		ABF4E77F2A5ECAFC005D9631 /* Build configuration list for PBXNativeTarget "Test" */ = {
			isa = XCConfigurationList;
			buildConfigurations = (
				ABF4E7802A5ECAFC005D9631 /* Debug */,
				ABF4E7812A5ECAFC005D9631 /* Release */,
			);
			defaultConfigurationIsVisible = 0;
			defaultConfigurationName = Release;
		};
		ABF4E7822A5ECAFC005D9631 /* Build configuration list for PBXNativeTarget "TestTests" */ = {
			isa = XCConfigurationList;
			buildConfigurations = (
				ABF4E7832A5ECAFC005D9631 /* Debug */,
				ABF4E7842A5ECAFC005D9631 /* Release */,
			);
			defaultConfigurationIsVisible = 0;
			defaultConfigurationName = Release;
		};
		ABF4E7852A5ECAFC005D9631 /* Build configuration list for PBXNativeTarget "TestUITests" */ = {
			isa = XCConfigurationList;
			buildConfigurations = (
				ABF4E7862A5ECAFC005D9631 /* Debug */,
				ABF4E7872A5ECAFC005D9631 /* Release */,
			);
			defaultConfigurationIsVisible = 0;
			defaultConfigurationName = Release;
		};
/* End XCConfigurationList section */
	};
	rootObject = ABF4E7532A5ECAFB005D9631 /* Project object */;
}
